
Microsoft Visual Studio Solution File, Format Version 12.00
# Visual Studio 14
VisualStudioVersion = 14.0.24720.0
MinimumVisualStudioVersion = 10.0.40219.1
Project("{8BC9CEB8-8B4A-11D0-8D11-00A0C91BC942}") = "Ray-Tracer-Improvements", "Ray-Tracer-Improvements\Ray-Tracer-Improvements.vcxproj", "{F6D8C827-3281-42F8-93A9-784EB124F6AD}"
EndProject
Project("{8BC9CEB8-8B4A-11D0-8D11-00A0C91BC942}") = "Ray-Tracer-Tests", "Ray-Tracer-Tests\Ray-Tracer-Tests.vcxproj", "{ED9939E3-E577-47CD-B2A8-8F557D781602}"
EndProject
Global
	GlobalSection(SolutionConfigurationPlatforms) = preSolution
		blue_sphere|x64 = blue_sphere|x64
		blue_sphere|x86 = blue_sphere|x86
		bunny-scene|x64 = bunny-scene|x64
		bunny-scene|x86 = bunny-scene|x86
		cornell_box|x64 = cornell_box|x64
		cornell_box|x86 = cornell_box|x86
		Debug|x64 = Debug|x64
		Debug|x86 = Debug|x86
		happy-scene|x64 = happy-scene|x64
		happy-scene|x86 = happy-scene|x86
		Release|x64 = Release|x64
		Release|x86 = Release|x86
		spheres|x64 = spheres|x64
		spheres|x86 = spheres|x86
	EndGlobalSection
	GlobalSection(ProjectConfigurationPlatforms) = postSolution
		{F6D8C827-3281-42F8-93A9-784EB124F6AD}.blue_sphere|x64.ActiveCfg = blue_sphere|x64
		{F6D8C827-3281-42F8-93A9-784EB124F6AD}.blue_sphere|x64.Build.0 = blue_sphere|x64
		{F6D8C827-3281-42F8-93A9-784EB124F6AD}.blue_sphere|x86.ActiveCfg = blue_sphere|Win32
		{F6D8C827-3281-42F8-93A9-784EB124F6AD}.blue_sphere|x86.Build.0 = blue_sphere|Win32
		{F6D8C827-3281-42F8-93A9-784EB124F6AD}.bunny-scene|x64.ActiveCfg = bunny-scene|x64
		{F6D8C827-3281-42F8-93A9-784EB124F6AD}.bunny-scene|x64.Build.0 = bunny-scene|x64
		{F6D8C827-3281-42F8-93A9-784EB124F6AD}.bunny-scene|x86.ActiveCfg = bunny-scene|Win32
		{F6D8C827-3281-42F8-93A9-784EB124F6AD}.bunny-scene|x86.Build.0 = bunny-scene|Win32
		{F6D8C827-3281-42F8-93A9-784EB124F6AD}.cornell_box|x64.ActiveCfg = cornell_box|x64
		{F6D8C827-3281-42F8-93A9-784EB124F6AD}.cornell_box|x64.Build.0 = cornell_box|x64
		{F6D8C827-3281-42F8-93A9-784EB124F6AD}.cornell_box|x86.ActiveCfg = cornell_box|Win32
		{F6D8C827-3281-42F8-93A9-784EB124F6AD}.cornell_box|x86.Build.0 = cornell_box|Win32
		{F6D8C827-3281-42F8-93A9-784EB124F6AD}.Debug|x64.ActiveCfg = Debug|x64
		{F6D8C827-3281-42F8-93A9-784EB124F6AD}.Debug|x64.Build.0 = Debug|x64
		{F6D8C827-3281-42F8-93A9-784EB124F6AD}.Debug|x86.ActiveCfg = Debug|Win32
		{F6D8C827-3281-42F8-93A9-784EB124F6AD}.Debug|x86.Build.0 = Debug|Win32
		{F6D8C827-3281-42F8-93A9-784EB124F6AD}.happy-scene|x64.ActiveCfg = happy-scene|x64
		{F6D8C827-3281-42F8-93A9-784EB124F6AD}.happy-scene|x64.Build.0 = happy-scene|x64
		{F6D8C827-3281-42F8-93A9-784EB124F6AD}.happy-scene|x86.ActiveCfg = happy-scene|Win32
		{F6D8C827-3281-42F8-93A9-784EB124F6AD}.happy-scene|x86.Build.0 = happy-scene|Win32
		{F6D8C827-3281-42F8-93A9-784EB124F6AD}.Release|x64.ActiveCfg = Release|x64
		{F6D8C827-3281-42F8-93A9-784EB124F6AD}.Release|x64.Build.0 = Release|x64
		{F6D8C827-3281-42F8-93A9-784EB124F6AD}.Release|x86.ActiveCfg = Release|Win32
		{F6D8C827-3281-42F8-93A9-784EB124F6AD}.Release|x86.Build.0 = Release|Win32
		{F6D8C827-3281-42F8-93A9-784EB124F6AD}.spheres|x64.ActiveCfg = spheres|x64
		{F6D8C827-3281-42F8-93A9-784EB124F6AD}.spheres|x64.Build.0 = spheres|x64
		{F6D8C827-3281-42F8-93A9-784EB124F6AD}.spheres|x86.ActiveCfg = spheres|Win32
		{F6D8C827-3281-42F8-93A9-784EB124F6AD}.spheres|x86.Build.0 = spheres|Win32
		{ED9939E3-E577-47CD-B2A8-8F557D781602}.blue_sphere|x64.ActiveCfg = Release|x64
		{ED9939E3-E577-47CD-B2A8-8F557D781602}.blue_sphere|x64.Build.0 = Release|x64
		{ED9939E3-E577-47CD-B2A8-8F557D781602}.blue_sphere|x86.ActiveCfg = Release|Win32
		{ED9939E3-E577-47CD-B2A8-8F557D781602}.blue_sphere|x86.Build.0 = Release|Win32
		{ED9939E3-E577-47CD-B2A8-8F557D781602}.bunny-scene|x64.ActiveCfg = Release|x64
		{ED9939E3-E577-47CD-B2A8-8F557D781602}.bunny-scene|x64.Build.0 = Release|x64
		{ED9939E3-E577-47CD-B2A8-8F557D781602}.bunny-scene|x86.ActiveCfg = Release|Win32
		{ED9939E3-E577-47CD-B2A8-8F557D781602}.bunny-scene|x86.Build.0 = Release|Win32
		{ED9939E3-E577-47CD-B2A8-8F557D781602}.cornell_box|x64.ActiveCfg = Release|x64
		{ED9939E3-E577-47CD-B2A8-8F557D781602}.cornell_box|x64.Build.0 = Release|x64
		{ED9939E3-E577-47CD-B2A8-8F557D781602}.cornell_box|x86.ActiveCfg = Release|Win32
		{ED9939E3-E577-47CD-B2A8-8F557D781602}.cornell_box|x86.Build.0 = Release|Win32
		{ED9939E3-E577-47CD-B2A8-8F557D781602}.Debug|x64.ActiveCfg = Debug|x64
		{ED9939E3-E577-47CD-B2A8-8F557D781602}.Debug|x64.Build.0 = Debug|x64
		{ED9939E3-E577-47CD-B2A8-8F557D781602}.Debug|x86.ActiveCfg = Debug|Win32
		{ED9939E3-E577-47CD-B2A8-8F557D781602}.Debug|x86.Build.0 = Debug|Win32
		{ED9939E3-E577-47CD-B2A8-8F557D781602}.happy-scene|x64.ActiveCfg = Release|x64
		{ED9939E3-E577-47CD-B2A8-8F557D781602}.happy-scene|x64.Build.0 = Release|x64
		{ED9939E3-E577-47CD-B2A8-8F557D781602}.happy-scene|x86.ActiveCfg = Release|Win32
		{ED9939E3-E577-47CD-B2A8-8F557D781602}.happy-scene|x86.Build.0 = Release|Win32
		{ED9939E3-E577-47CD-B2A8-8F557D781602}.Release|x64.ActiveCfg = Release|x64
		{ED9939E3-E577-47CD-B2A8-8F557D781602}.Release|x64.Build.0 = Release|x64
		{ED9939E3-E577-47CD-B2A8-8F557D781602}.Release|x86.ActiveCfg = Release|Win32
		{ED9939E3-E577-47CD-B2A8-8F557D781602}.Release|x86.Build.0 = Release|Win32
		{ED9939E3-E577-47CD-B2A8-8F557D781602}.spheres|x64.ActiveCfg = Release|x64
		{ED9939E3-E577-47CD-B2A8-8F557D781602}.spheres|x64.Build.0 = Release|x64
		{ED9939E3-E577-47CD-B2A8-8F557D781602}.spheres|x86.ActiveCfg = Release|Win32
		{ED9939E3-E577-47CD-B2A8-8F557D781602}.spheres|x86.Build.0 = Release|Win32
	EndGlobalSection
	GlobalSection(SolutionProperties) = preSolution
		HideSolutionNode = FALSE
	EndGlobalSection
EndGlobal
